
Microsoft Visual Studio Solution File, Format Version 12.00
# Visual Studio 15
VisualStudioVersion = 15.0.28010.2050
MinimumVisualStudioVersion = 10.0.40219.1
Project("{9A19103F-16F7-4668-BE54-9A1E7A4F7556}") = "azure-service-bus-queues", "azure-service-bus-queues\azure-service-bus-queues.csproj", "{712393C5-BCCB-45F8-A514-96599557DBF8}"
EndProject
Global
	GlobalSection(SolutionConfigurationPlatforms) = preSolution
		Debug|Any CPU = Debug|Any CPU
		Release|Any CPU = Release|Any CPU
	EndGlobalSection
	GlobalSection(ProjectConfigurationPlatforms) = postSolution
		{712393C5-BCCB-45F8-A514-96599557DBF8}.Debug|Any CPU.ActiveCfg = Debug|Any CPU
		{712393C5-BCCB-45F8-A514-96599557DBF8}.Debug|Any CPU.Build.0 = Debug|Any CPU
		{712393C5-BCCB-45F8-A514-96599557DBF8}.Release|Any CPU.ActiveCfg = Release|Any CPU
		{712393C5-BCCB-45F8-A514-96599557DBF8}.Release|Any CPU.Build.0 = Release|Any CPU
	EndGlobalSection
	GlobalSection(SolutionProperties) = preSolution
		HideSolutionNode = FALSE
	EndGlobalSection
	GlobalSection(ExtensibilityGlobals) = postSolution
		SolutionGuid = {834E25D1-8E7B-4CDE-BD1B-D68B10CAFA7D}
	EndGlobalSection
EndGlobal
